
Microsoft Visual Studio Solution File, Format Version 12.00
# Visual Studio Version 17
VisualStudioVersion = 17.4.33205.214
MinimumVisualStudioVersion = 10.0.40219.1
Project("{FAE04EC0-301F-11D3-BF4B-00C04F79EFBC}") = "Stockfish-GUI", "Stockfish-GUI\Stockfish-GUI.csproj", "{2D3F6E6B-50A1-4E6E-8F65-3342098A4427}"
EndProject
Global
	GlobalSection(SolutionConfigurationPlatforms) = preSolution
		Debug|Any CPU = Debug|Any CPU
		Release|Any CPU = Release|Any CPU
	EndGlobalSection
	GlobalSection(ProjectConfigurationPlatforms) = postSolution
		{2D3F6E6B-50A1-4E6E-8F65-3342098A4427}.Debug|Any CPU.ActiveCfg = Debug|Any CPU
		{2D3F6E6B-50A1-4E6E-8F65-3342098A4427}.Debug|Any CPU.Build.0 = Debug|Any CPU
		{2D3F6E6B-50A1-4E6E-8F65-3342098A4427}.Release|Any CPU.ActiveCfg = Release|Any CPU
		{2D3F6E6B-50A1-4E6E-8F65-3342098A4427}.Release|Any CPU.Build.0 = Release|Any CPU
	EndGlobalSection
	GlobalSection(SolutionProperties) = preSolution
		HideSolutionNode = FALSE
	EndGlobalSection
	GlobalSection(ExtensibilityGlobals) = postSolution
		SolutionGuid = {FE8E80F0-1CB8-4B9A-9CEB-36FFD3C8831D}
	EndGlobalSection
EndGlobal
